
Microsoft Visual Studio Solution File, Format Version 12.00
# Visual Studio Version 17
VisualStudioVersion = 17.8.34330.188
MinimumVisualStudioVersion = 10.0.40219.1
Project("{FAE04EC0-301F-11D3-BF4B-00C04F79EFBC}") = "gstream01", "gstream01\gstream01.csproj", "{1300CDAC-6CE3-447C-BBF9-D49FA3A160B1}"
EndProject
Global
	GlobalSection(SolutionConfigurationPlatforms) = preSolution
		Debug|Any CPU = Debug|Any CPU
		Release|Any CPU = Release|Any CPU
	EndGlobalSection
	GlobalSection(ProjectConfigurationPlatforms) = postSolution
		{1300CDAC-6CE3-447C-BBF9-D49FA3A160B1}.Debug|Any CPU.ActiveCfg = Debug|Any CPU
		{1300CDAC-6CE3-447C-BBF9-D49FA3A160B1}.Debug|Any CPU.Build.0 = Debug|Any CPU
		{1300CDAC-6CE3-447C-BBF9-D49FA3A160B1}.Release|Any CPU.ActiveCfg = Release|Any CPU
		{1300CDAC-6CE3-447C-BBF9-D49FA3A160B1}.Release|Any CPU.Build.0 = Release|Any CPU
	EndGlobalSection
	GlobalSection(SolutionProperties) = preSolution
		HideSolutionNode = FALSE
	EndGlobalSection
	GlobalSection(ExtensibilityGlobals) = postSolution
		SolutionGuid = {A981F9E7-DC7C-4ADB-98DB-5DC76316A49E}
	EndGlobalSection
EndGlobal
